// !$*UTF8*$!
{
	archiveVersion = 1;
	classes = {
	};
	objectVersion = 46;
	objects = {

/* Begin PBXBuildFile section */
		48190D2C1C553A96009712F6 /* DownloadDetailOperation.swift in Sources */ = {isa = PBXBuildFile; fileRef = 48190D2B1C553A96009712F6 /* DownloadDetailOperation.swift */; };
		48190D2F1C553C9B009712F6 /* ConcurrentOperation.swift in Sources */ = {isa = PBXBuildFile; fileRef = 48190D2E1C553C9B009712F6 /* ConcurrentOperation.swift */; };
		48190D311C553F81009712F6 /* ParsedNearbyCity.swift in Sources */ = {isa = PBXBuildFile; fileRef = 48190D301C553F81009712F6 /* ParsedNearbyCity.swift */; };
		48190D331C5541F7009712F6 /* DownloadNearbyCitiesOperation.swift in Sources */ = {isa = PBXBuildFile; fileRef = 48190D321C5541F7009712F6 /* DownloadNearbyCitiesOperation.swift */; };
		48190D351C558838009712F6 /* iAd.framework in Frameworks */ = {isa = PBXBuildFile; fileRef = 48190D341C558838009712F6 /* iAd.framework */; };
		483D1B141C3C8064003A5970 /* CLPlacemark+Additions.swift in Sources */ = {isa = PBXBuildFile; fileRef = 483D1B131C3C8064003A5970 /* CLPlacemark+Additions.swift */; };
		4871B7A91C4AC96800C466DD /* MapViewController.swift in Sources */ = {isa = PBXBuildFile; fileRef = 4871B7A71C4AC96800C466DD /* MapViewController.swift */; };
		4871B7AA1C4AC96800C466DD /* MapViewController.xib in Resources */ = {isa = PBXBuildFile; fileRef = 4871B7A81C4AC96800C466DD /* MapViewController.xib */; };
		48B01C5D1C418A3F00838433 /* LocationFinderViewController.swift in Sources */ = {isa = PBXBuildFile; fileRef = 48B01C5B1C418A3F00838433 /* LocationFinderViewController.swift */; };
		48B01C5E1C418A3F00838433 /* LocationFinderViewController.xib in Resources */ = {isa = PBXBuildFile; fileRef = 48B01C5C1C418A3F00838433 /* LocationFinderViewController.xib */; };
		48C000671C543B960046CC8F /* SettingsViewController.swift in Sources */ = {isa = PBXBuildFile; fileRef = 48C000661C543B960046CC8F /* SettingsViewController.swift */; };
		48C7131A1C4090C600196225 /* SettingsController.swift in Sources */ = {isa = PBXBuildFile; fileRef = 48C713191C4090C600196225 /* SettingsController.swift */; };
		48EEE8DD1C40A3000032EF39 /* DetailViewController.swift in Sources */ = {isa = PBXBuildFile; fileRef = 48EEE8DB1C40A3000032EF39 /* DetailViewController.swift */; };
		69150F1E1C3DD5FB00D9D3BF /* PersistentController.swift in Sources */ = {isa = PBXBuildFile; fileRef = 69150F1D1C3DD5FB00D9D3BF /* PersistentController.swift */; };
		69150F231C3DDC9900D9D3BF /* QuakeCell.swift in Sources */ = {isa = PBXBuildFile; fileRef = 69150F211C3DDC9900D9D3BF /* QuakeCell.swift */; };
		69150F241C3DDC9900D9D3BF /* QuakeCell.xib in Resources */ = {isa = PBXBuildFile; fileRef = 69150F221C3DDC9900D9D3BF /* QuakeCell.xib */; };
		69150F271C3DE52000D9D3BF /* CLLocationCoordinate2D+Additions.swift in Sources */ = {isa = PBXBuildFile; fileRef = 69150F261C3DE52000D9D3BF /* CLLocationCoordinate2D+Additions.swift */; };
		69150F291C3DE60600D9D3BF /* String+Additions.swift in Sources */ = {isa = PBXBuildFile; fileRef = 69150F281C3DE60600D9D3BF /* String+Additions.swift */; };
		694269EB1C46E55800BAA5C9 /* TextBarAnimator.swift in Sources */ = {isa = PBXBuildFile; fileRef = 694269EA1C46E55800BAA5C9 /* TextBarAnimator.swift */; };
		699CA6061C3C52980094F48A /* Quakes.xcdatamodeld in Sources */ = {isa = PBXBuildFile; fileRef = 699CA6041C3C52980094F48A /* Quakes.xcdatamodeld */; };
		699CA60B1C3C543F0094F48A /* Quake.swift in Sources */ = {isa = PBXBuildFile; fileRef = 699CA6091C3C543F0094F48A /* Quake.swift */; };
		699CA60F1C3C55E10094F48A /* Fetchable.swift in Sources */ = {isa = PBXBuildFile; fileRef = 699CA60E1C3C55E10094F48A /* Fetchable.swift */; };
		699CA6141C3C5D6F0094F48A /* QuakesViewController.swift in Sources */ = {isa = PBXBuildFile; fileRef = 699CA6121C3C5D6F0094F48A /* QuakesViewController.swift */; };
		699E4EEF1C3D69490049C7F4 /* StyledNavigationController.swift in Sources */ = {isa = PBXBuildFile; fileRef = 699E4EEE1C3D69490049C7F4 /* StyledNavigationController.swift */; };
		699E4EF11C3D69A00049C7F4 /* StyleController.swift in Sources */ = {isa = PBXBuildFile; fileRef = 699E4EF01C3D69A00049C7F4 /* StyleController.swift */; };
		699E4EF31C3D6BA20049C7F4 /* UIImage+Additions.swift in Sources */ = {isa = PBXBuildFile; fileRef = 699E4EF21C3D6BA20049C7F4 /* UIImage+Additions.swift */; };
		69B30FE31C3B051600241D79 /* WindowController.swift in Sources */ = {isa = PBXBuildFile; fileRef = 69B30FE21C3B051600241D79 /* WindowController.swift */; };
		69B30FEA1C3B051600241D79 /* Assets.xcassets in Resources */ = {isa = PBXBuildFile; fileRef = 69B30FE91C3B051600241D79 /* Assets.xcassets */; };
		69B30FED1C3B051600241D79 /* LaunchScreen.storyboard in Resources */ = {isa = PBXBuildFile; fileRef = 69B30FEB1C3B051600241D79 /* LaunchScreen.storyboard */; };
		69B30FF61C3B0AEC00241D79 /* NetworkClient.swift in Sources */ = {isa = PBXBuildFile; fileRef = 69B30FF51C3B0AEC00241D79 /* NetworkClient.swift */; };
		69D235371C3D75E100C9AA50 /* ParsedQuake.swift in Sources */ = {isa = PBXBuildFile; fileRef = 69D235361C3D75E100C9AA50 /* ParsedQuake.swift */; };
/* End PBXBuildFile section */

/* Begin PBXFileReference section */
		48190D2B1C553A96009712F6 /* DownloadDetailOperation.swift */ = {isa = PBXFileReference; fileEncoding = 4; lastKnownFileType = sourcecode.swift; path = DownloadDetailOperation.swift; sourceTree = "<group>"; };
		48190D2E1C553C9B009712F6 /* ConcurrentOperation.swift */ = {isa = PBXFileReference; fileEncoding = 4; lastKnownFileType = sourcecode.swift; path = ConcurrentOperation.swift; sourceTree = "<group>"; };
		48190D301C553F81009712F6 /* ParsedNearbyCity.swift */ = {isa = PBXFileReference; fileEncoding = 4; lastKnownFileType = sourcecode.swift; path = ParsedNearbyCity.swift; sourceTree = "<group>"; };
		48190D321C5541F7009712F6 /* DownloadNearbyCitiesOperation.swift */ = {isa = PBXFileReference; fileEncoding = 4; lastKnownFileType = sourcecode.swift; path = DownloadNearbyCitiesOperation.swift; sourceTree = "<group>"; };
		48190D341C558838009712F6 /* iAd.framework */ = {isa = PBXFileReference; lastKnownFileType = wrapper.framework; name = iAd.framework; path = System/Library/Frameworks/iAd.framework; sourceTree = SDKROOT; };
		483D1B131C3C8064003A5970 /* CLPlacemark+Additions.swift */ = {isa = PBXFileReference; fileEncoding = 4; lastKnownFileType = sourcecode.swift; path = "CLPlacemark+Additions.swift"; sourceTree = "<group>"; };
		4871B7A71C4AC96800C466DD /* MapViewController.swift */ = {isa = PBXFileReference; fileEncoding = 4; lastKnownFileType = sourcecode.swift; path = MapViewController.swift; sourceTree = "<group>"; };
		4871B7A81C4AC96800C466DD /* MapViewController.xib */ = {isa = PBXFileReference; fileEncoding = 4; lastKnownFileType = file.xib; path = MapViewController.xib; sourceTree = "<group>"; };
		48B01C5B1C418A3F00838433 /* LocationFinderViewController.swift */ = {isa = PBXFileReference; fileEncoding = 4; lastKnownFileType = sourcecode.swift; path = LocationFinderViewController.swift; sourceTree = "<group>"; };
		48B01C5C1C418A3F00838433 /* LocationFinderViewController.xib */ = {isa = PBXFileReference; fileEncoding = 4; lastKnownFileType = file.xib; path = LocationFinderViewController.xib; sourceTree = "<group>"; };
		48C000661C543B960046CC8F /* SettingsViewController.swift */ = {isa = PBXFileReference; fileEncoding = 4; lastKnownFileType = sourcecode.swift; path = SettingsViewController.swift; sourceTree = "<group>"; };
		48C713191C4090C600196225 /* SettingsController.swift */ = {isa = PBXFileReference; fileEncoding = 4; lastKnownFileType = sourcecode.swift; path = SettingsController.swift; sourceTree = "<group>"; };
		48EEE8DB1C40A3000032EF39 /* DetailViewController.swift */ = {isa = PBXFileReference; fileEncoding = 4; lastKnownFileType = sourcecode.swift; path = DetailViewController.swift; sourceTree = "<group>"; };
		69150F1D1C3DD5FB00D9D3BF /* PersistentController.swift */ = {isa = PBXFileReference; fileEncoding = 4; lastKnownFileType = sourcecode.swift; path = PersistentController.swift; sourceTree = "<group>"; };
		69150F211C3DDC9900D9D3BF /* QuakeCell.swift */ = {isa = PBXFileReference; fileEncoding = 4; lastKnownFileType = sourcecode.swift; path = QuakeCell.swift; sourceTree = "<group>"; };
		69150F221C3DDC9900D9D3BF /* QuakeCell.xib */ = {isa = PBXFileReference; fileEncoding = 4; lastKnownFileType = file.xib; path = QuakeCell.xib; sourceTree = "<group>"; };
		69150F261C3DE52000D9D3BF /* CLLocationCoordinate2D+Additions.swift */ = {isa = PBXFileReference; fileEncoding = 4; lastKnownFileType = sourcecode.swift; path = "CLLocationCoordinate2D+Additions.swift"; sourceTree = "<group>"; };
		69150F281C3DE60600D9D3BF /* String+Additions.swift */ = {isa = PBXFileReference; fileEncoding = 4; lastKnownFileType = sourcecode.swift; path = "String+Additions.swift"; sourceTree = "<group>"; };
		694269EA1C46E55800BAA5C9 /* TextBarAnimator.swift */ = {isa = PBXFileReference; fileEncoding = 4; lastKnownFileType = sourcecode.swift; path = TextBarAnimator.swift; sourceTree = "<group>"; };
		699CA6051C3C52980094F48A /* Quakes.xcdatamodel */ = {isa = PBXFileReference; lastKnownFileType = wrapper.xcdatamodel; path = Quakes.xcdatamodel; sourceTree = "<group>"; };
		699CA6091C3C543F0094F48A /* Quake.swift */ = {isa = PBXFileReference; fileEncoding = 4; lastKnownFileType = sourcecode.swift; name = Quake.swift; path = ../Quake.swift; sourceTree = "<group>"; };
		699CA60E1C3C55E10094F48A /* Fetchable.swift */ = {isa = PBXFileReference; fileEncoding = 4; lastKnownFileType = sourcecode.swift; path = Fetchable.swift; sourceTree = "<group>"; };
		699CA6121C3C5D6F0094F48A /* QuakesViewController.swift */ = {isa = PBXFileReference; fileEncoding = 4; lastKnownFileType = sourcecode.swift; path = QuakesViewController.swift; sourceTree = "<group>"; };
		699E4EEE1C3D69490049C7F4 /* StyledNavigationController.swift */ = {isa = PBXFileReference; fileEncoding = 4; lastKnownFileType = sourcecode.swift; path = StyledNavigationController.swift; sourceTree = "<group>"; };
		699E4EF01C3D69A00049C7F4 /* StyleController.swift */ = {isa = PBXFileReference; fileEncoding = 4; lastKnownFileType = sourcecode.swift; path = StyleController.swift; sourceTree = "<group>"; };
		699E4EF21C3D6BA20049C7F4 /* UIImage+Additions.swift */ = {isa = PBXFileReference; fileEncoding = 4; lastKnownFileType = sourcecode.swift; path = "UIImage+Additions.swift"; sourceTree = "<group>"; };
		69B30FDF1C3B051600241D79 /* Quakes.app */ = {isa = PBXFileReference; explicitFileType = wrapper.application; includeInIndex = 0; path = Quakes.app; sourceTree = BUILT_PRODUCTS_DIR; };
		69B30FE21C3B051600241D79 /* WindowController.swift */ = {isa = PBXFileReference; lastKnownFileType = sourcecode.swift; path = WindowController.swift; sourceTree = "<group>"; };
		69B30FE91C3B051600241D79 /* Assets.xcassets */ = {isa = PBXFileReference; lastKnownFileType = folder.assetcatalog; path = Assets.xcassets; sourceTree = "<group>"; };
		69B30FEC1C3B051600241D79 /* Base */ = {isa = PBXFileReference; lastKnownFileType = file.storyboard; name = Base; path = Base.lproj/LaunchScreen.storyboard; sourceTree = "<group>"; };
		69B30FEE1C3B051600241D79 /* Info.plist */ = {isa = PBXFileReference; lastKnownFileType = text.plist.xml; path = Info.plist; sourceTree = "<group>"; };
		69B30FF51C3B0AEC00241D79 /* NetworkClient.swift */ = {isa = PBXFileReference; fileEncoding = 4; lastKnownFileType = sourcecode.swift; path = NetworkClient.swift; sourceTree = "<group>"; };
		69D235361C3D75E100C9AA50 /* ParsedQuake.swift */ = {isa = PBXFileReference; fileEncoding = 4; lastKnownFileType = sourcecode.swift; path = ParsedQuake.swift; sourceTree = "<group>"; };
/* End PBXFileReference section */

/* Begin PBXFrameworksBuildPhase section */
		69B30FDC1C3B051600241D79 /* Frameworks */ = {
			isa = PBXFrameworksBuildPhase;
			buildActionMask = 2147483647;
			files = (
				48190D351C558838009712F6 /* iAd.framework in Frameworks */,
			);
			runOnlyForDeploymentPostprocessing = 0;
		};
/* End PBXFrameworksBuildPhase section */

/* Begin PBXGroup section */
		48190D2D1C553A9B009712F6 /* Operations */ = {
			isa = PBXGroup;
			children = (
				48190D2E1C553C9B009712F6 /* ConcurrentOperation.swift */,
				48190D2B1C553A96009712F6 /* DownloadDetailOperation.swift */,
				48190D321C5541F7009712F6 /* DownloadNearbyCitiesOperation.swift */,
			);
			name = Operations;
			sourceTree = "<group>";
		};
		48190D361C558B63009712F6 /* Frameworks */ = {
			isa = PBXGroup;
			children = (
				48190D341C558838009712F6 /* iAd.framework */,
			);
			name = Frameworks;
			path = ..;
			sourceTree = "<group>";
		};
		483D1B151C3C806E003A5970 /* Extensions */ = {
			isa = PBXGroup;
			children = (
				483D1B131C3C8064003A5970 /* CLPlacemark+Additions.swift */,
				699E4EF21C3D6BA20049C7F4 /* UIImage+Additions.swift */,
				69150F261C3DE52000D9D3BF /* CLLocationCoordinate2D+Additions.swift */,
				69150F281C3DE60600D9D3BF /* String+Additions.swift */,
			);
			name = Extensions;
			sourceTree = "<group>";
		};
		69150F251C3DDC9D00D9D3BF /* Cells */ = {
			isa = PBXGroup;
			children = (
				69150F211C3DDC9900D9D3BF /* QuakeCell.swift */,
				69150F221C3DDC9900D9D3BF /* QuakeCell.xib */,
			);
			name = Cells;
			sourceTree = "<group>";
		};
		694269EC1C46E74300BAA5C9 /* Animators */ = {
			isa = PBXGroup;
			children = (
				694269EA1C46E55800BAA5C9 /* TextBarAnimator.swift */,
			);
			name = Animators;
			sourceTree = "<group>";
		};
		699CA6071C3C529F0094F48A /* Model */ = {
			isa = PBXGroup;
			children = (
				699CA6041C3C52980094F48A /* Quakes.xcdatamodeld */,
				699CA60E1C3C55E10094F48A /* Fetchable.swift */,
				48190D301C553F81009712F6 /* ParsedNearbyCity.swift */,
				69D235361C3D75E100C9AA50 /* ParsedQuake.swift */,
				699CA6091C3C543F0094F48A /* Quake.swift */,
			);
			name = Model;
			sourceTree = "<group>";
		};
		69B30FD61C3B051600241D79 = {
			isa = PBXGroup;
			children = (
				69B30FE11C3B051600241D79 /* Quakes */,
				69B30FE01C3B051600241D79 /* Products */,
			);
			sourceTree = "<group>";
		};
		69B30FE01C3B051600241D79 /* Products */ = {
			isa = PBXGroup;
			children = (
				69B30FDF1C3B051600241D79 /* Quakes.app */,
			);
			name = Products;
			sourceTree = "<group>";
		};
		69B30FE11C3B051600241D79 /* Quakes */ = {
			isa = PBXGroup;
			children = (
				694269EC1C46E74300BAA5C9 /* Animators */,
				69150F251C3DDC9D00D9D3BF /* Cells */,
				69B30FF81C3B121C00241D79 /* Controllers */,
				483D1B151C3C806E003A5970 /* Extensions */,
				48190D361C558B63009712F6 /* Frameworks */,
				699CA6071C3C529F0094F48A /* Model */,
				69B30FF71C3B0AF100241D79 /* Networking */,
				48190D2D1C553A9B009712F6 /* Operations */,
				69B30FF41C3B056400241D79 /* Resources */,
				69B30FF91C3B122300241D79 /* ViewControllers */,
			);
			path = Quakes;
			sourceTree = "<group>";
		};
		69B30FF41C3B056400241D79 /* Resources */ = {
			isa = PBXGroup;
			children = (
				69B30FEB1C3B051600241D79 /* LaunchScreen.storyboard */,
				69B30FE91C3B051600241D79 /* Assets.xcassets */,
				69B30FEE1C3B051600241D79 /* Info.plist */,
			);
			name = Resources;
			sourceTree = "<group>";
		};
		69B30FF71C3B0AF100241D79 /* Networking */ = {
			isa = PBXGroup;
			children = (
				69B30FF51C3B0AEC00241D79 /* NetworkClient.swift */,
			);
			name = Networking;
			sourceTree = "<group>";
		};
		69B30FF81C3B121C00241D79 /* Controllers */ = {
			isa = PBXGroup;
			children = (
				69B30FE21C3B051600241D79 /* WindowController.swift */,
				699E4EF01C3D69A00049C7F4 /* StyleController.swift */,
				69150F1D1C3DD5FB00D9D3BF /* PersistentController.swift */,
				48C713191C4090C600196225 /* SettingsController.swift */,
			);
			name = Controllers;
			sourceTree = "<group>";
		};
		69B30FF91C3B122300241D79 /* ViewControllers */ = {
			isa = PBXGroup;
			children = (
				48EEE8DB1C40A3000032EF39 /* DetailViewController.swift */,
				48B01C5B1C418A3F00838433 /* LocationFinderViewController.swift */,
				48B01C5C1C418A3F00838433 /* LocationFinderViewController.xib */,
				4871B7A71C4AC96800C466DD /* MapViewController.swift */,
				4871B7A81C4AC96800C466DD /* MapViewController.xib */,
				699CA6121C3C5D6F0094F48A /* QuakesViewController.swift */,
				48C000661C543B960046CC8F /* SettingsViewController.swift */,
				699E4EEE1C3D69490049C7F4 /* StyledNavigationController.swift */,
			);
			name = ViewControllers;
			sourceTree = "<group>";
		};
/* End PBXGroup section */

/* Begin PBXNativeTarget section */
		69B30FDE1C3B051600241D79 /* Quakes */ = {
			isa = PBXNativeTarget;
			buildConfigurationList = 69B30FF11C3B051600241D79 /* Build configuration list for PBXNativeTarget "Quakes" */;
			buildPhases = (
				69B30FDB1C3B051600241D79 /* Sources */,
				69B30FDC1C3B051600241D79 /* Frameworks */,
				69B30FDD1C3B051600241D79 /* Resources */,
				48B01C5F1C41949A00838433 /* ShellScript */,
			);
			buildRules = (
			);
			dependencies = (
			);
			name = Quakes;
			productName = Quakes;
			productReference = 69B30FDF1C3B051600241D79 /* Quakes.app */;
			productType = "com.apple.product-type.application";
		};
/* End PBXNativeTarget section */

/* Begin PBXProject section */
		69B30FD71C3B051600241D79 /* Project object */ = {
			isa = PBXProject;
			attributes = {
				LastSwiftUpdateCheck = 0720;
				LastUpgradeCheck = 0720;
				ORGANIZATIONNAME = "Ryan Ackermann";
				TargetAttributes = {
					69B30FDE1C3B051600241D79 = {
						CreatedOnToolsVersion = 7.2;
						DevelopmentTeam = WK4Y48HVH2;
					};
				};
			};
			buildConfigurationList = 69B30FDA1C3B051600241D79 /* Build configuration list for PBXProject "Quakes" */;
			compatibilityVersion = "Xcode 3.2";
			developmentRegion = English;
			hasScannedForEncodings = 0;
			knownRegions = (
				en,
				Base,
			);
			mainGroup = 69B30FD61C3B051600241D79;
			productRefGroup = 69B30FE01C3B051600241D79 /* Products */;
			projectDirPath = "";
			projectRoot = "";
			targets = (
				69B30FDE1C3B051600241D79 /* Quakes */,
			);
		};
/* End PBXProject section */

/* Begin PBXResourcesBuildPhase section */
		69B30FDD1C3B051600241D79 /* Resources */ = {
			isa = PBXResourcesBuildPhase;
			buildActionMask = 2147483647;
			files = (
				69150F241C3DDC9900D9D3BF /* QuakeCell.xib in Resources */,
				69B30FED1C3B051600241D79 /* LaunchScreen.storyboard in Resources */,
				48B01C5E1C418A3F00838433 /* LocationFinderViewController.xib in Resources */,
				4871B7AA1C4AC96800C466DD /* MapViewController.xib in Resources */,
				69B30FEA1C3B051600241D79 /* Assets.xcassets in Resources */,
			);
			runOnlyForDeploymentPostprocessing = 0;
		};
/* End PBXResourcesBuildPhase section */

/* Begin PBXShellScriptBuildPhase section */
		48B01C5F1C41949A00838433 /* ShellScript */ = {
			isa = PBXShellScriptBuildPhase;
			buildActionMask = 2147483647;
			files = (
			);
			inputPaths = (
			);
			outputPaths = (
			);
			runOnlyForDeploymentPostprocessing = 0;
			shellPath = "/usr/bin/env ruby";
			shellScript = "git = `sh /etc/profile; which git`.chomp\napp_build = `#{git} rev-list HEAD --count`.chomp.to_i\n`/usr/libexec/PlistBuddy -c \"Set :CFBundleVersion #{app_build}\" \"${TARGET_BUILD_DIR}/${INFOPLIST_PATH}\"`\nputs \"Updated #{ENV['TARGET_BUILD_DIR']}/#{ENV['INFOPLIST_PATH']}\"";
		};
/* End PBXShellScriptBuildPhase section */

/* Begin PBXSourcesBuildPhase section */
		69B30FDB1C3B051600241D79 /* Sources */ = {
			isa = PBXSourcesBuildPhase;
			buildActionMask = 2147483647;
			files = (
				48190D331C5541F7009712F6 /* DownloadNearbyCitiesOperation.swift in Sources */,
				699E4EEF1C3D69490049C7F4 /* StyledNavigationController.swift in Sources */,
				48EEE8DD1C40A3000032EF39 /* DetailViewController.swift in Sources */,
				48C000671C543B960046CC8F /* SettingsViewController.swift in Sources */,
				69150F1E1C3DD5FB00D9D3BF /* PersistentController.swift in Sources */,
				4871B7A91C4AC96800C466DD /* MapViewController.swift in Sources */,
				699CA60F1C3C55E10094F48A /* Fetchable.swift in Sources */,
				48190D2C1C553A96009712F6 /* DownloadDetailOperation.swift in Sources */,
				699CA60B1C3C543F0094F48A /* Quake.swift in Sources */,
				69150F231C3DDC9900D9D3BF /* QuakeCell.swift in Sources */,
				69D235371C3D75E100C9AA50 /* ParsedQuake.swift in Sources */,
				48190D311C553F81009712F6 /* ParsedNearbyCity.swift in Sources */,
				699CA6061C3C52980094F48A /* Quakes.xcdatamodeld in Sources */,
				699E4EF11C3D69A00049C7F4 /* StyleController.swift in Sources */,
				48C7131A1C4090C600196225 /* SettingsController.swift in Sources */,
				699CA6141C3C5D6F0094F48A /* QuakesViewController.swift in Sources */,
				69B30FE31C3B051600241D79 /* WindowController.swift in Sources */,
				48B01C5D1C418A3F00838433 /* LocationFinderViewController.swift in Sources */,
				694269EB1C46E55800BAA5C9 /* TextBarAnimator.swift in Sources */,
				48190D2F1C553C9B009712F6 /* ConcurrentOperation.swift in Sources */,
				483D1B141C3C8064003A5970 /* CLPlacemark+Additions.swift in Sources */,
				69150F291C3DE60600D9D3BF /* String+Additions.swift in Sources */,
				69150F271C3DE52000D9D3BF /* CLLocationCoordinate2D+Additions.swift in Sources */,
				69B30FF61C3B0AEC00241D79 /* NetworkClient.swift in Sources */,
				699E4EF31C3D6BA20049C7F4 /* UIImage+Additions.swift in Sources */,
			);
			runOnlyForDeploymentPostprocessing = 0;
		};
/* End PBXSourcesBuildPhase section */

/* Begin PBXVariantGroup section */
		69B30FEB1C3B051600241D79 /* LaunchScreen.storyboard */ = {
			isa = PBXVariantGroup;
			children = (
				69B30FEC1C3B051600241D79 /* Base */,
			);
			name = LaunchScreen.storyboard;
			sourceTree = "<group>";
		};
/* End PBXVariantGroup section */

/* Begin XCBuildConfiguration section */
		69B30FEF1C3B051600241D79 /* Debug */ = {
			isa = XCBuildConfiguration;
			buildSettings = {
				ALWAYS_SEARCH_USER_PATHS = NO;
				CLANG_CXX_LANGUAGE_STANDARD = "gnu++0x";
				CLANG_CXX_LIBRARY = "libc++";
				CLANG_ENABLE_MODULES = YES;
				CLANG_ENABLE_OBJC_ARC = YES;
				CLANG_WARN_BOOL_CONVERSION = YES;
				CLANG_WARN_CONSTANT_CONVERSION = YES;
				CLANG_WARN_DIRECT_OBJC_ISA_USAGE = YES_ERROR;
				CLANG_WARN_EMPTY_BODY = YES;
				CLANG_WARN_ENUM_CONVERSION = YES;
				CLANG_WARN_INT_CONVERSION = YES;
				CLANG_WARN_OBJC_ROOT_CLASS = YES_ERROR;
				CLANG_WARN_UNREACHABLE_CODE = YES;
				CLANG_WARN__DUPLICATE_METHOD_MATCH = YES;
				"CODE_SIGN_IDENTITY[sdk=iphoneos*]" = "iPhone Developer";
				COPY_PHASE_STRIP = NO;
				DEBUG_INFORMATION_FORMAT = dwarf;
				ENABLE_STRICT_OBJC_MSGSEND = YES;
				ENABLE_TESTABILITY = YES;
				GCC_C_LANGUAGE_STANDARD = gnu99;
				GCC_DYNAMIC_NO_PIC = NO;
				GCC_NO_COMMON_BLOCKS = YES;
				GCC_OPTIMIZATION_LEVEL = 0;
				GCC_PREPROCESSOR_DEFINITIONS = (
					"DEBUG=1",
					"$(inherited)",
				);
				GCC_WARN_64_TO_32_BIT_CONVERSION = YES;
				GCC_WARN_ABOUT_RETURN_TYPE = YES_ERROR;
				GCC_WARN_UNDECLARED_SELECTOR = YES;
				GCC_WARN_UNINITIALIZED_AUTOS = YES_AGGRESSIVE;
				GCC_WARN_UNUSED_FUNCTION = YES;
				GCC_WARN_UNUSED_VARIABLE = YES;
				IPHONEOS_DEPLOYMENT_TARGET = 9.2;
				MTL_ENABLE_DEBUG_INFO = YES;
				ONLY_ACTIVE_ARCH = YES;
				SDKROOT = iphoneos;
				SWIFT_OPTIMIZATION_LEVEL = "-Onone";
			};
			name = Debug;
		};
		69B30FF01C3B051600241D79 /* Release */ = {
			isa = XCBuildConfiguration;
			buildSettings = {
				ALWAYS_SEARCH_USER_PATHS = NO;
				CLANG_CXX_LANGUAGE_STANDARD = "gnu++0x";
				CLANG_CXX_LIBRARY = "libc++";
				CLANG_ENABLE_MODULES = YES;
				CLANG_ENABLE_OBJC_ARC = YES;
				CLANG_WARN_BOOL_CONVERSION = YES;
				CLANG_WARN_CONSTANT_CONVERSION = YES;
				CLANG_WARN_DIRECT_OBJC_ISA_USAGE = YES_ERROR;
				CLANG_WARN_EMPTY_BODY = YES;
				CLANG_WARN_ENUM_CONVERSION = YES;
				CLANG_WARN_INT_CONVERSION = YES;
				CLANG_WARN_OBJC_ROOT_CLASS = YES_ERROR;
				CLANG_WARN_UNREACHABLE_CODE = YES;
				CLANG_WARN__DUPLICATE_METHOD_MATCH = YES;
				"CODE_SIGN_IDENTITY[sdk=iphoneos*]" = "iPhone Developer";
				COPY_PHASE_STRIP = NO;
				DEBUG_INFORMATION_FORMAT = "dwarf-with-dsym";
				ENABLE_NS_ASSERTIONS = NO;
				ENABLE_STRICT_OBJC_MSGSEND = YES;
				GCC_C_LANGUAGE_STANDARD = gnu99;
				GCC_NO_COMMON_BLOCKS = YES;
				GCC_WARN_64_TO_32_BIT_CONVERSION = YES;
				GCC_WARN_ABOUT_RETURN_TYPE = YES_ERROR;
				GCC_WARN_UNDECLARED_SELECTOR = YES;
				GCC_WARN_UNINITIALIZED_AUTOS = YES_AGGRESSIVE;
				GCC_WARN_UNUSED_FUNCTION = YES;
				GCC_WARN_UNUSED_VARIABLE = YES;
				IPHONEOS_DEPLOYMENT_TARGET = 9.2;
				MTL_ENABLE_DEBUG_INFO = NO;
				SDKROOT = iphoneos;
				VALIDATE_PRODUCT = YES;
			};
			name = Release;
		};
		69B30FF21C3B051600241D79 /* Debug */ = {
			isa = XCBuildConfiguration;
			buildSettings = {
				ASSETCATALOG_COMPILER_APPICON_NAME = AppIcon;
				CODE_SIGN_IDENTITY = "iPhone Developer";
				INFOPLIST_FILE = Quakes/Info.plist;
				IPHONEOS_DEPLOYMENT_TARGET = 9.0;
				LD_RUNPATH_SEARCH_PATHS = "$(inherited) @executable_path/Frameworks";
				PRODUCT_BUNDLE_IDENTIFIER = io.ackermann.quakes;
				PRODUCT_NAME = "$(TARGET_NAME)";
			};
			name = Debug;
		};
		69B30FF31C3B051600241D79 /* Release */ = {
			isa = XCBuildConfiguration;
			buildSettings = {
				ASSETCATALOG_COMPILER_APPICON_NAME = AppIcon;
				CODE_SIGN_IDENTITY = "iPhone Developer";
				INFOPLIST_FILE = Quakes/Info.plist;
				IPHONEOS_DEPLOYMENT_TARGET = 9.0;
				LD_RUNPATH_SEARCH_PATHS = "$(inherited) @executable_path/Frameworks";
				PRODUCT_BUNDLE_IDENTIFIER = io.ackermann.quakes;
				PRODUCT_NAME = "$(TARGET_NAME)";
			};
			name = Release;
		};
/* End XCBuildConfiguration section */

/* Begin XCConfigurationList section */
		69B30FDA1C3B051600241D79 /* Build configuration list for PBXProject "Quakes" */ = {
			isa = XCConfigurationList;
			buildConfigurations = (
				69B30FEF1C3B051600241D79 /* Debug */,
				69B30FF01C3B051600241D79 /* Release */,
			);
			defaultConfigurationIsVisible = 0;
			defaultConfigurationName = Release;
		};
		69B30FF11C3B051600241D79 /* Build configuration list for PBXNativeTarget "Quakes" */ = {
			isa = XCConfigurationList;
			buildConfigurations = (
				69B30FF21C3B051600241D79 /* Debug */,
				69B30FF31C3B051600241D79 /* Release */,
			);
			defaultConfigurationIsVisible = 0;
			defaultConfigurationName = Release;
		};
/* End XCConfigurationList section */

/* Begin XCVersionGroup section */
		699CA6041C3C52980094F48A /* Quakes.xcdatamodeld */ = {
			isa = XCVersionGroup;
			children = (
				699CA6051C3C52980094F48A /* Quakes.xcdatamodel */,
			);
			currentVersion = 699CA6051C3C52980094F48A /* Quakes.xcdatamodel */;
			path = Quakes.xcdatamodeld;
			sourceTree = "<group>";
			versionGroupType = wrapper.xcdatamodel;
		};
/* End XCVersionGroup section */
	};
	rootObject = 69B30FD71C3B051600241D79 /* Project object */;
}
